{
  "nodes": {
    "eww": {
      "inputs": {
        "flake-compat": "flake-compat",
        "nixpkgs": [
          "nixpkgs"
        ],
        "rust-overlay": "rust-overlay"
      },
      "locked": {
        "lastModified": 1667044926,
        "narHash": "sha256-VJx7GKkVmXCxsDfOXEDXGrAHZWyHN74Ax6GUXiir0Z8=",
        "owner": "elkowar",
        "repo": "eww",
        "rev": "7a0e1b77f24ee89d627e552f9abc55eb636aaaa6",
        "type": "github"
      },
      "original": {
        "owner": "elkowar",
        "repo": "eww",
        "type": "github"
      }
    },
    "flake-compat": {
      "flake": false,
      "locked": {
        "lastModified": 1650374568,
        "narHash": "sha256-Z+s0J8/r907g149rllvwhb4pKi8Wam5ij0st8PwAh+E=",
        "owner": "edolstra",
        "repo": "flake-compat",
        "rev": "b4a34015c698c7793d592d66adbab377907a2be8",
        "type": "github"
      },
      "original": {
        "owner": "edolstra",
        "repo": "flake-compat",
        "type": "github"
      }
    },
    "flake-utils": {
      "locked": {
        "lastModified": 1656928814,
        "narHash": "sha256-RIFfgBuKz6Hp89yRr7+NR5tzIAbn52h8vT6vXkYjZoM=",
        "owner": "numtide",
        "repo": "flake-utils",
        "rev": "7e2a3b3dfd9af950a856d66b0a7d01e3c18aa249",
        "type": "github"
      },
      "original": {
        "owner": "numtide",
        "repo": "flake-utils",
        "type": "github"
      }
    },
    "flake-utils_2": {
      "locked": {
        "lastModified": 1667395993,
        "narHash": "sha256-nuEHfE/LcWyuSWnS8t12N1wc105Qtau+/OdUAjtQ0rA=",
        "owner": "numtide",
        "repo": "flake-utils",
        "rev": "5aed5285a952e0b949eb3ba02c12fa4fcfef535f",
        "type": "github"
      },
      "original": {
        "owner": "numtide",
        "repo": "flake-utils",
        "type": "github"
      }
    },
    "home-manager": {
      "inputs": {
        "nixpkgs": [
          "nixpkgs"
        ],
        "utils": "utils"
      },
      "locked": {
        "lastModified": 1667981810,
        "narHash": "sha256-p27zd5M+OkfND46gzbGkaHlNBZsYe95M48OJuFeuuSY=",
        "owner": "nix-community",
        "repo": "home-manager",
        "rev": "6ce3493a3c5c6a8f4cfa6f5f88723272e0cfd335",
        "type": "github"
      },
      "original": {
        "owner": "nix-community",
        "repo": "home-manager",
        "type": "github"
      }
    },
    "hyprland": {
      "inputs": {
        "nixpkgs": [
          "nixpkgs"
        ],
        "wlroots": "wlroots"
      },
      "locked": {
        "lastModified": 1668033559,
        "narHash": "sha256-MR5h3W2V6sJMq5q9Xb9kf7+WsgOYNHIWj+pgnQORb40=",
        "owner": "hyprwm",
        "repo": "Hyprland",
        "rev": "f41fe59cb67e31c495008227d42060eebafe4c9e",
        "type": "github"
      },
      "original": {
        "owner": "hyprwm",
        "repo": "Hyprland",
        "type": "github"
      }
    },
    "kmonad": {
      "inputs": {
        "nixpkgs": [
          "nixpkgs"
        ]
      },
      "locked": {
        "dir": "nix",
        "lastModified": 1666935187,
        "narHash": "sha256-/7uLVQHQm+d1Qyl9VGfDN3toBp5LvRx+qLLKxNj2ak4=",
        "owner": "kmonad",
        "repo": "kmonad",
        "rev": "820af08d1ef1bff417829415d5f673041b67ef4d",
        "type": "github"
      },
      "original": {
        "dir": "nix",
        "owner": "kmonad",
        "repo": "kmonad",
        "type": "github"
      }
    },
    "nil": {
      "inputs": {
        "flake-utils": "flake-utils_2",
        "nixpkgs": [
          "nixpkgs"
        ],
        "rust-overlay": "rust-overlay_2"
      },
      "locked": {
        "lastModified": 1668022283,
        "narHash": "sha256-NH79TJpJelLhczFmtoPw08ZkjVQ/+qvHHY3PxK0Cc+Y=",
        "owner": "oxalica",
        "repo": "nil",
        "rev": "93f15d882f9a04b5cd948d1194ea3022232fc19e",
        "type": "github"
      },
      "original": {
        "owner": "oxalica",
        "repo": "nil",
        "type": "github"
      }
    },
    "nixos-hardware": {
      "locked": {
        "lastModified": 1668084757,
        "narHash": "sha256-/RRIVnNrg1EZkYMaPdQFuxCQ72LPWkVjvWEClR8FqvI=",
        "owner": "NixOS",
        "repo": "nixos-hardware",
        "rev": "11a42a580de22355934ffd9235b81b64004a2e98",
        "type": "github"
      },
      "original": {
        "owner": "NixOS",
        "repo": "nixos-hardware",
        "type": "github"
      }
    },
    "nixpkgs": {
      "locked": {
        "lastModified": 1667901915,
        "narHash": "sha256-IkSou5ox/yZ2YUhGpk8vxd2TNU2pwRlYtir5k55NaxE=",
        "owner": "NixOS",
        "repo": "nixpkgs",
        "rev": "093268502280540a7f5bf1e2a6330a598ba3b7d0",
        "type": "github"
      },
      "original": {
        "owner": "NixOS",
        "ref": "nixos-unstable",
        "repo": "nixpkgs",
        "type": "github"
      }
    },
    "nur": {
      "locked": {
        "lastModified": 1668140343,
        "narHash": "sha256-OJTc4gAq6ycQeJ/BNAkofALogedLVDOXoG7TdyTjyCs=",
        "owner": "nix-community",
        "repo": "NUR",
        "rev": "98a1bae8a5e88b713776313fc026ad3b48a92cff",
        "type": "github"
      },
      "original": {
        "owner": "nix-community",
        "repo": "NUR",
        "type": "github"
      }
    },
    "root": {
      "inputs": {
        "eww": "eww",
        "home-manager": "home-manager",
        "hyprland": "hyprland",
        "kmonad": "kmonad",
        "nil": "nil",
        "nixos-hardware": "nixos-hardware",
        "nixpkgs": "nixpkgs",
        "nur": "nur"
      }
    },
    "rust-overlay": {
      "inputs": {
        "flake-utils": "flake-utils",
        "nixpkgs": [
          "eww",
          "nixpkgs"
        ]
      },
      "locked": {
        "lastModified": 1661655464,
        "narHash": "sha256-by9Hb0mNVdiCR7TBvUHIgDb0QIv3znp8VMGh7Bl35VQ=",
        "owner": "oxalica",
        "repo": "rust-overlay",
        "rev": "0c4c1432353e12b325d1472bea99e364871d2cb3",
        "type": "github"
      },
      "original": {
        "owner": "oxalica",
        "repo": "rust-overlay",
        "type": "github"
      }
    },
    "rust-overlay_2": {
      "inputs": {
        "flake-utils": [
          "nil",
          "flake-utils"
        ],
        "nixpkgs": [
          "nil",
          "nixpkgs"
        ]
      },
      "locked": {
        "lastModified": 1667789120,
        "narHash": "sha256-Yid92tEY2CeS8VUiexjSw0hsjfQbRLbUCpqkdVLaEnI=",
        "owner": "oxalica",
        "repo": "rust-overlay",
        "rev": "528499f67169671e931cf1ba63601803e58abd2a",
        "type": "github"
      },
      "original": {
        "owner": "oxalica",
        "repo": "rust-overlay",
        "type": "github"
      }
    },
    "utils": {
      "locked": {
        "lastModified": 1667395993,
        "narHash": "sha256-nuEHfE/LcWyuSWnS8t12N1wc105Qtau+/OdUAjtQ0rA=",
        "owner": "numtide",
        "repo": "flake-utils",
        "rev": "5aed5285a952e0b949eb3ba02c12fa4fcfef535f",
        "type": "github"
      },
      "original": {
        "owner": "numtide",
        "repo": "flake-utils",
        "type": "github"
      }
    },
    "wlroots": {
      "flake": false,
      "locked": {
        "host": "gitlab.freedesktop.org",
        "lastModified": 1666466001,
        "narHash": "sha256-ZjxAnqtcGmHQHKL1Z9sIraDnzIqrJleWcJXfPtzAm74=",
        "owner": "wlroots",
        "repo": "wlroots",
        "rev": "c2d2773df57750081b16d56da13b5015d752cbd7",
        "type": "gitlab"
      },
      "original": {
        "host": "gitlab.freedesktop.org",
        "owner": "wlroots",
        "repo": "wlroots",
        "type": "gitlab"
      }
    }
  },
  "root": "root",
  "version": 7
}
