{
  "nodes": {
    "all-cabal-json": {
      "flake": false,
      "locked": {
        "lastModified": 1665552503,
        "narHash": "sha256-r14RmRSwzv5c+bWKUDaze6pXM7nOsiz1H8nvFHJvufc=",
        "owner": "nix-community",
        "repo": "all-cabal-json",
        "rev": "d7c0434eebffb305071404edcf9d5cd99703878e",
        "type": "github"
      },
      "original": {
        "owner": "nix-community",
        "ref": "hackage",
        "repo": "all-cabal-json",
        "type": "github"
      }
    },
    "crane": {
      "flake": false,
      "locked": {
        "lastModified": 1661875961,
        "narHash": "sha256-f1h/2c6Teeu1ofAHWzrS8TwBPcnN+EEu+z1sRVmMQTk=",
        "owner": "ipetkov",
        "repo": "crane",
        "rev": "d9f394e4e20e97c2a60c3ad82c2b6ef99be19e24",
        "type": "github"
      },
      "original": {
        "owner": "ipetkov",
        "repo": "crane",
        "type": "github"
      }
    },
    "devshell": {
      "flake": false,
      "locked": {
        "lastModified": 1666548262,
        "narHash": "sha256-4DyN4KXqQQsCw0vCXkMThw4b5Q4/q87ZZgRb4st8COc=",
        "owner": "numtide",
        "repo": "devshell",
        "rev": "c8ce8ed81726079c398f5f29c4b68a7d6a3c2fa2",
        "type": "github"
      },
      "original": {
        "owner": "numtide",
        "repo": "devshell",
        "type": "github"
      }
    },
    "dream2nix": {
      "inputs": {
        "alejandra": [
          "helix",
          "nci",
          "nixpkgs"
        ],
        "all-cabal-json": "all-cabal-json",
        "crane": "crane",
        "devshell": [
          "helix",
          "nci",
          "devshell"
        ],
        "flake-utils-pre-commit": [
          "helix",
          "nci",
          "nixpkgs"
        ],
        "ghc-utils": "ghc-utils",
        "gomod2nix": [
          "helix",
          "nci",
          "nixpkgs"
        ],
        "mach-nix": [
          "helix",
          "nci",
          "nixpkgs"
        ],
        "nixpkgs": [
          "helix",
          "nci",
          "nixpkgs"
        ],
        "poetry2nix": [
          "helix",
          "nci",
          "nixpkgs"
        ],
        "pre-commit-hooks": [
          "helix",
          "nci",
          "nixpkgs"
        ]
      },
      "locked": {
        "lastModified": 1666993587,
        "narHash": "sha256-4cLrs+CwWnceYXnCpL5gO3bybS9CjLxUoTEKjB2QFtg=",
        "owner": "nix-community",
        "repo": "dream2nix",
        "rev": "2b7456e3d2f0053bc2474fb0c461dd468545277f",
        "type": "github"
      },
      "original": {
        "owner": "nix-community",
        "repo": "dream2nix",
        "type": "github"
      }
    },
    "eww": {
      "inputs": {
        "flake-compat": "flake-compat",
        "nixpkgs": [
          "nixpkgs"
        ],
        "rust-overlay": "rust-overlay"
      },
      "locked": {
        "lastModified": 1667044926,
        "narHash": "sha256-VJx7GKkVmXCxsDfOXEDXGrAHZWyHN74Ax6GUXiir0Z8=",
        "owner": "elkowar",
        "repo": "eww",
        "rev": "7a0e1b77f24ee89d627e552f9abc55eb636aaaa6",
        "type": "github"
      },
      "original": {
        "owner": "elkowar",
        "repo": "eww",
        "type": "github"
      }
    },
    "flake-compat": {
      "flake": false,
      "locked": {
        "lastModified": 1650374568,
        "narHash": "sha256-Z+s0J8/r907g149rllvwhb4pKi8Wam5ij0st8PwAh+E=",
        "owner": "edolstra",
        "repo": "flake-compat",
        "rev": "b4a34015c698c7793d592d66adbab377907a2be8",
        "type": "github"
      },
      "original": {
        "owner": "edolstra",
        "repo": "flake-compat",
        "type": "github"
      }
    },
    "flake-utils": {
      "locked": {
        "lastModified": 1656928814,
        "narHash": "sha256-RIFfgBuKz6Hp89yRr7+NR5tzIAbn52h8vT6vXkYjZoM=",
        "owner": "numtide",
        "repo": "flake-utils",
        "rev": "7e2a3b3dfd9af950a856d66b0a7d01e3c18aa249",
        "type": "github"
      },
      "original": {
        "owner": "numtide",
        "repo": "flake-utils",
        "type": "github"
      }
    },
    "flake-utils_2": {
      "locked": {
        "lastModified": 1659877975,
        "narHash": "sha256-zllb8aq3YO3h8B/U0/J1WBgAL8EX5yWf5pMj3G0NAmc=",
        "owner": "numtide",
        "repo": "flake-utils",
        "rev": "c0e246b9b83f637f4681389ecabcb2681b4f3af0",
        "type": "github"
      },
      "original": {
        "owner": "numtide",
        "repo": "flake-utils",
        "type": "github"
      }
    },
    "flake-utils_3": {
      "locked": {
        "lastModified": 1667395993,
        "narHash": "sha256-nuEHfE/LcWyuSWnS8t12N1wc105Qtau+/OdUAjtQ0rA=",
        "owner": "numtide",
        "repo": "flake-utils",
        "rev": "5aed5285a952e0b949eb3ba02c12fa4fcfef535f",
        "type": "github"
      },
      "original": {
        "owner": "numtide",
        "repo": "flake-utils",
        "type": "github"
      }
    },
    "flake-utils_4": {
      "locked": {
        "lastModified": 1659877975,
        "narHash": "sha256-zllb8aq3YO3h8B/U0/J1WBgAL8EX5yWf5pMj3G0NAmc=",
        "owner": "numtide",
        "repo": "flake-utils",
        "rev": "c0e246b9b83f637f4681389ecabcb2681b4f3af0",
        "type": "github"
      },
      "original": {
        "owner": "numtide",
        "repo": "flake-utils",
        "type": "github"
      }
    },
    "ghc-utils": {
      "flake": false,
      "locked": {
        "lastModified": 1662774800,
        "narHash": "sha256-1Rd2eohGUw/s1tfvkepeYpg8kCEXiIot0RijapUjAkE=",
        "ref": "refs/heads/master",
        "rev": "bb3a2d3dc52ff0253fb9c2812bd7aa2da03e0fea",
        "revCount": 1072,
        "type": "git",
        "url": "https://gitlab.haskell.org/bgamari/ghc-utils"
      },
      "original": {
        "type": "git",
        "url": "https://gitlab.haskell.org/bgamari/ghc-utils"
      }
    },
    "helix": {
      "inputs": {
        "nci": "nci",
        "nixpkgs": [
          "nixpkgs"
        ],
        "rust-overlay": "rust-overlay_2"
      },
      "locked": {
        "lastModified": 1667337850,
        "narHash": "sha256-FWO73QuBzu3EewT6690n+IVEt1JeYtFCeDx7jC7fSjM=",
        "owner": "SoraTenshi",
        "repo": "helix",
        "rev": "d510e0cfa2b2347ddafc852a4c7f342eea53efb8",
        "type": "github"
      },
      "original": {
        "owner": "SoraTenshi",
        "ref": "experimental",
        "repo": "helix",
        "type": "github"
      }
    },
    "home-manager": {
      "inputs": {
        "nixpkgs": [
          "nixpkgs"
        ],
        "utils": "utils"
      },
      "locked": {
        "lastModified": 1667981810,
        "narHash": "sha256-p27zd5M+OkfND46gzbGkaHlNBZsYe95M48OJuFeuuSY=",
        "owner": "nix-community",
        "repo": "home-manager",
        "rev": "6ce3493a3c5c6a8f4cfa6f5f88723272e0cfd335",
        "type": "github"
      },
      "original": {
        "owner": "nix-community",
        "repo": "home-manager",
        "type": "github"
      }
    },
    "hyprland": {
      "inputs": {
        "nixpkgs": [
          "nixpkgs"
        ],
        "wlroots": "wlroots"
      },
      "locked": {
        "lastModified": 1668033559,
        "narHash": "sha256-MR5h3W2V6sJMq5q9Xb9kf7+WsgOYNHIWj+pgnQORb40=",
        "owner": "hyprwm",
        "repo": "Hyprland",
        "rev": "f41fe59cb67e31c495008227d42060eebafe4c9e",
        "type": "github"
      },
      "original": {
        "owner": "hyprwm",
        "repo": "Hyprland",
        "type": "github"
      }
    },
    "kmonad": {
      "inputs": {
        "nixpkgs": [
          "nixpkgs"
        ]
      },
      "locked": {
        "dir": "nix",
        "lastModified": 1666935187,
        "narHash": "sha256-/7uLVQHQm+d1Qyl9VGfDN3toBp5LvRx+qLLKxNj2ak4=",
        "owner": "kmonad",
        "repo": "kmonad",
        "rev": "820af08d1ef1bff417829415d5f673041b67ef4d",
        "type": "github"
      },
      "original": {
        "dir": "nix",
        "owner": "kmonad",
        "repo": "kmonad",
        "type": "github"
      }
    },
    "nci": {
      "inputs": {
        "devshell": "devshell",
        "dream2nix": "dream2nix",
        "nixpkgs": [
          "helix",
          "nixpkgs"
        ],
        "rust-overlay": [
          "helix",
          "rust-overlay"
        ]
      },
      "locked": {
        "lastModified": 1667232647,
        "narHash": "sha256-cFo7G8BqYShgL9m7yD6p+SHAZ+aIt2guuF69LV235n8=",
        "owner": "yusdacra",
        "repo": "nix-cargo-integration",
        "rev": "16082f7b4e42ce140a562fa630bcf8e96eadeb59",
        "type": "github"
      },
      "original": {
        "owner": "yusdacra",
        "repo": "nix-cargo-integration",
        "type": "github"
      }
    },
    "nil": {
      "inputs": {
        "flake-utils": "flake-utils_3",
        "nixpkgs": [
          "nixpkgs"
        ],
        "rust-overlay": "rust-overlay_3"
      },
      "locked": {
        "lastModified": 1668022283,
        "narHash": "sha256-NH79TJpJelLhczFmtoPw08ZkjVQ/+qvHHY3PxK0Cc+Y=",
        "owner": "oxalica",
        "repo": "nil",
        "rev": "93f15d882f9a04b5cd948d1194ea3022232fc19e",
        "type": "github"
      },
      "original": {
        "owner": "oxalica",
        "repo": "nil",
        "type": "github"
      }
    },
    "nixos-hardware": {
      "locked": {
        "lastModified": 1668084757,
        "narHash": "sha256-/RRIVnNrg1EZkYMaPdQFuxCQ72LPWkVjvWEClR8FqvI=",
        "owner": "NixOS",
        "repo": "nixos-hardware",
        "rev": "11a42a580de22355934ffd9235b81b64004a2e98",
        "type": "github"
      },
      "original": {
        "owner": "NixOS",
        "repo": "nixos-hardware",
        "type": "github"
      }
    },
    "nixpkgs": {
      "locked": {
        "lastModified": 1667901915,
        "narHash": "sha256-IkSou5ox/yZ2YUhGpk8vxd2TNU2pwRlYtir5k55NaxE=",
        "owner": "NixOS",
        "repo": "nixpkgs",
        "rev": "093268502280540a7f5bf1e2a6330a598ba3b7d0",
        "type": "github"
      },
      "original": {
        "owner": "NixOS",
        "ref": "nixos-unstable",
        "repo": "nixpkgs",
        "type": "github"
      }
    },
    "nixpkgs_2": {
      "locked": {
        "lastModified": 1665296151,
        "narHash": "sha256-uOB0oxqxN9K7XGF1hcnY+PQnlQJ+3bP2vCn/+Ru/bbc=",
        "owner": "NixOS",
        "repo": "nixpkgs",
        "rev": "14ccaaedd95a488dd7ae142757884d8e125b3363",
        "type": "github"
      },
      "original": {
        "owner": "NixOS",
        "ref": "nixpkgs-unstable",
        "repo": "nixpkgs",
        "type": "github"
      }
    },
    "nur": {
      "locked": {
        "lastModified": 1668140343,
        "narHash": "sha256-OJTc4gAq6ycQeJ/BNAkofALogedLVDOXoG7TdyTjyCs=",
        "owner": "nix-community",
        "repo": "NUR",
        "rev": "98a1bae8a5e88b713776313fc026ad3b48a92cff",
        "type": "github"
      },
      "original": {
        "owner": "nix-community",
        "repo": "NUR",
        "type": "github"
      }
    },
    "root": {
      "inputs": {
        "eww": "eww",
        "helix": "helix",
        "home-manager": "home-manager",
        "hyprland": "hyprland",
        "kmonad": "kmonad",
        "nil": "nil",
        "nixos-hardware": "nixos-hardware",
        "nixpkgs": "nixpkgs",
        "nur": "nur",
        "rust-overlay": "rust-overlay_4"
      }
    },
    "rust-overlay": {
      "inputs": {
        "flake-utils": "flake-utils",
        "nixpkgs": [
          "eww",
          "nixpkgs"
        ]
      },
      "locked": {
        "lastModified": 1661655464,
        "narHash": "sha256-by9Hb0mNVdiCR7TBvUHIgDb0QIv3znp8VMGh7Bl35VQ=",
        "owner": "oxalica",
        "repo": "rust-overlay",
        "rev": "0c4c1432353e12b325d1472bea99e364871d2cb3",
        "type": "github"
      },
      "original": {
        "owner": "oxalica",
        "repo": "rust-overlay",
        "type": "github"
      }
    },
    "rust-overlay_2": {
      "inputs": {
        "flake-utils": "flake-utils_2",
        "nixpkgs": [
          "helix",
          "nixpkgs"
        ]
      },
      "locked": {
        "lastModified": 1667184938,
        "narHash": "sha256-/kuCiXuAxiD0c0zrfDvJ1Yba3FuVdRk/ROfb393AeX4=",
        "owner": "oxalica",
        "repo": "rust-overlay",
        "rev": "8f81faec35508647ced65c44fd3e8648a5518afb",
        "type": "github"
      },
      "original": {
        "owner": "oxalica",
        "repo": "rust-overlay",
        "type": "github"
      }
    },
    "rust-overlay_3": {
      "inputs": {
        "flake-utils": [
          "nil",
          "flake-utils"
        ],
        "nixpkgs": [
          "nil",
          "nixpkgs"
        ]
      },
      "locked": {
        "lastModified": 1667789120,
        "narHash": "sha256-Yid92tEY2CeS8VUiexjSw0hsjfQbRLbUCpqkdVLaEnI=",
        "owner": "oxalica",
        "repo": "rust-overlay",
        "rev": "528499f67169671e931cf1ba63601803e58abd2a",
        "type": "github"
      },
      "original": {
        "owner": "oxalica",
        "repo": "rust-overlay",
        "type": "github"
      }
    },
    "rust-overlay_4": {
      "inputs": {
        "flake-utils": "flake-utils_4",
        "nixpkgs": "nixpkgs_2"
      },
      "locked": {
        "lastModified": 1668393806,
        "narHash": "sha256-ew2bYm8z7CWKA2qcTuCk4/xEY4uG3WAloTczICe7gbc=",
        "owner": "oxalica",
        "repo": "rust-overlay",
        "rev": "219feff2b874bf6f3d18214a8ed3f360fe067759",
        "type": "github"
      },
      "original": {
        "owner": "oxalica",
        "repo": "rust-overlay",
        "type": "github"
      }
    },
    "utils": {
      "locked": {
        "lastModified": 1667395993,
        "narHash": "sha256-nuEHfE/LcWyuSWnS8t12N1wc105Qtau+/OdUAjtQ0rA=",
        "owner": "numtide",
        "repo": "flake-utils",
        "rev": "5aed5285a952e0b949eb3ba02c12fa4fcfef535f",
        "type": "github"
      },
      "original": {
        "owner": "numtide",
        "repo": "flake-utils",
        "type": "github"
      }
    },
    "wlroots": {
      "flake": false,
      "locked": {
        "host": "gitlab.freedesktop.org",
        "lastModified": 1666466001,
        "narHash": "sha256-ZjxAnqtcGmHQHKL1Z9sIraDnzIqrJleWcJXfPtzAm74=",
        "owner": "wlroots",
        "repo": "wlroots",
        "rev": "c2d2773df57750081b16d56da13b5015d752cbd7",
        "type": "gitlab"
      },
      "original": {
        "host": "gitlab.freedesktop.org",
        "owner": "wlroots",
        "repo": "wlroots",
        "type": "gitlab"
      }
    }
  },
  "root": "root",
  "version": 7
}
